// !$*UTF8*$!
{
	archiveVersion = 1;
	classes = {
	};
	objectVersion = 55;
	objects = {

/* Begin PBXBuildFile section */
		84C131CD284EA67E00E6C3F4 /* AppDelegate.swift in Sources */ = {isa = PBXBuildFile; fileRef = 84C131CC284EA67E00E6C3F4 /* AppDelegate.swift */; };
		84C131CF284EA67E00E6C3F4 /* SceneDelegate.swift in Sources */ = {isa = PBXBuildFile; fileRef = 84C131CE284EA67E00E6C3F4 /* SceneDelegate.swift */; };
		84C131D1284EA67E00E6C3F4 /* ViewController.swift in Sources */ = {isa = PBXBuildFile; fileRef = 84C131D0284EA67E00E6C3F4 /* ViewController.swift */; };
		84C131D4284EA67E00E6C3F4 /* Main.storyboard in Resources */ = {isa = PBXBuildFile; fileRef = 84C131D2284EA67E00E6C3F4 /* Main.storyboard */; };
		84C131D6284EA68000E6C3F4 /* Assets.xcassets in Resources */ = {isa = PBXBuildFile; fileRef = 84C131D5284EA68000E6C3F4 /* Assets.xcassets */; };
		84C131D9284EA68000E6C3F4 /* LaunchScreen.storyboard in Resources */ = {isa = PBXBuildFile; fileRef = 84C131D7284EA68000E6C3F4 /* LaunchScreen.storyboard */; };
		84C131E4284EA68000E6C3F4 /* desafio_iosTests.swift in Sources */ = {isa = PBXBuildFile; fileRef = 84C131E3284EA68000E6C3F4 /* desafio_iosTests.swift */; };
		84C131EE284EA68000E6C3F4 /* desafio_iosUITests.swift in Sources */ = {isa = PBXBuildFile; fileRef = 84C131ED284EA68000E6C3F4 /* desafio_iosUITests.swift */; };
		84C131F0284EA68000E6C3F4 /* desafio_iosUITestsLaunchTests.swift in Sources */ = {isa = PBXBuildFile; fileRef = 84C131EF284EA68000E6C3F4 /* desafio_iosUITestsLaunchTests.swift */; };
/* End PBXBuildFile section */

/* Begin PBXContainerItemProxy section */
		84C131E0284EA68000E6C3F4 /* PBXContainerItemProxy */ = {
			isa = PBXContainerItemProxy;
			containerPortal = 84C131C1284EA67E00E6C3F4 /* Project object */;
			proxyType = 1;
			remoteGlobalIDString = 84C131C8284EA67E00E6C3F4;
			remoteInfo = "desafio-ios";
		};
		84C131EA284EA68000E6C3F4 /* PBXContainerItemProxy */ = {
			isa = PBXContainerItemProxy;
			containerPortal = 84C131C1284EA67E00E6C3F4 /* Project object */;
			proxyType = 1;
			remoteGlobalIDString = 84C131C8284EA67E00E6C3F4;
			remoteInfo = "desafio-ios";
		};
/* End PBXContainerItemProxy section */

/* Begin PBXFileReference section */
		84C131C9284EA67E00E6C3F4 /* desafio-ios.app */ = {isa = PBXFileReference; explicitFileType = wrapper.application; includeInIndex = 0; path = "desafio-ios.app"; sourceTree = BUILT_PRODUCTS_DIR; };
		84C131CC284EA67E00E6C3F4 /* AppDelegate.swift */ = {isa = PBXFileReference; lastKnownFileType = sourcecode.swift; path = AppDelegate.swift; sourceTree = "<group>"; };
		84C131CE284EA67E00E6C3F4 /* SceneDelegate.swift */ = {isa = PBXFileReference; lastKnownFileType = sourcecode.swift; path = SceneDelegate.swift; sourceTree = "<group>"; };
		84C131D0284EA67E00E6C3F4 /* ViewController.swift */ = {isa = PBXFileReference; lastKnownFileType = sourcecode.swift; path = ViewController.swift; sourceTree = "<group>"; };
		84C131D3284EA67E00E6C3F4 /* Base */ = {isa = PBXFileReference; lastKnownFileType = file.storyboard; name = Base; path = Base.lproj/Main.storyboard; sourceTree = "<group>"; };
		84C131D5284EA68000E6C3F4 /* Assets.xcassets */ = {isa = PBXFileReference; lastKnownFileType = folder.assetcatalog; path = Assets.xcassets; sourceTree = "<group>"; };
		84C131D8284EA68000E6C3F4 /* Base */ = {isa = PBXFileReference; lastKnownFileType = file.storyboard; name = Base; path = Base.lproj/LaunchScreen.storyboard; sourceTree = "<group>"; };
		84C131DA284EA68000E6C3F4 /* Info.plist */ = {isa = PBXFileReference; lastKnownFileType = text.plist.xml; path = Info.plist; sourceTree = "<group>"; };
		84C131DF284EA68000E6C3F4 /* desafio-iosTests.xctest */ = {isa = PBXFileReference; explicitFileType = wrapper.cfbundle; includeInIndex = 0; path = "desafio-iosTests.xctest"; sourceTree = BUILT_PRODUCTS_DIR; };
		84C131E3284EA68000E6C3F4 /* desafio_iosTests.swift */ = {isa = PBXFileReference; lastKnownFileType = sourcecode.swift; path = desafio_iosTests.swift; sourceTree = "<group>"; };
		84C131E9284EA68000E6C3F4 /* desafio-iosUITests.xctest */ = {isa = PBXFileReference; explicitFileType = wrapper.cfbundle; includeInIndex = 0; path = "desafio-iosUITests.xctest"; sourceTree = BUILT_PRODUCTS_DIR; };
		84C131ED284EA68000E6C3F4 /* desafio_iosUITests.swift */ = {isa = PBXFileReference; lastKnownFileType = sourcecode.swift; path = desafio_iosUITests.swift; sourceTree = "<group>"; };
		84C131EF284EA68000E6C3F4 /* desafio_iosUITestsLaunchTests.swift */ = {isa = PBXFileReference; lastKnownFileType = sourcecode.swift; path = desafio_iosUITestsLaunchTests.swift; sourceTree = "<group>"; };
/* End PBXFileReference section */

/* Begin PBXFrameworksBuildPhase section */
		84C131C6284EA67E00E6C3F4 /* Frameworks */ = {
			isa = PBXFrameworksBuildPhase;
			buildActionMask = 2147483647;
			files = (
			);
			runOnlyForDeploymentPostprocessing = 0;
		};
		84C131DC284EA68000E6C3F4 /* Frameworks */ = {
			isa = PBXFrameworksBuildPhase;
			buildActionMask = 2147483647;
			files = (
			);
			runOnlyForDeploymentPostprocessing = 0;
		};
		84C131E6284EA68000E6C3F4 /* Frameworks */ = {
			isa = PBXFrameworksBuildPhase;
			buildActionMask = 2147483647;
			files = (
			);
			runOnlyForDeploymentPostprocessing = 0;
		};
/* End PBXFrameworksBuildPhase section */

/* Begin PBXGroup section */
		84C131C0284EA67E00E6C3F4 = {
			isa = PBXGroup;
			children = (
				84C131CB284EA67E00E6C3F4 /* desafio-ios */,
				84C131E2284EA68000E6C3F4 /* desafio-iosTests */,
				84C131EC284EA68000E6C3F4 /* desafio-iosUITests */,
				84C131CA284EA67E00E6C3F4 /* Products */,
			);
			sourceTree = "<group>";
		};
		84C131CA284EA67E00E6C3F4 /* Products */ = {
			isa = PBXGroup;
			children = (
				84C131C9284EA67E00E6C3F4 /* desafio-ios.app */,
				84C131DF284EA68000E6C3F4 /* desafio-iosTests.xctest */,
				84C131E9284EA68000E6C3F4 /* desafio-iosUITests.xctest */,
			);
			name = Products;
			sourceTree = "<group>";
		};
		84C131CB284EA67E00E6C3F4 /* desafio-ios */ = {
			isa = PBXGroup;
			children = (
				84C131CC284EA67E00E6C3F4 /* AppDelegate.swift */,
				84C131CE284EA67E00E6C3F4 /* SceneDelegate.swift */,
				84C131D0284EA67E00E6C3F4 /* ViewController.swift */,
				84C131D2284EA67E00E6C3F4 /* Main.storyboard */,
				84C131D5284EA68000E6C3F4 /* Assets.xcassets */,
				84C131D7284EA68000E6C3F4 /* LaunchScreen.storyboard */,
				84C131DA284EA68000E6C3F4 /* Info.plist */,
			);
			path = "desafio-ios";
			sourceTree = "<group>";
		};
		84C131E2284EA68000E6C3F4 /* desafio-iosTests */ = {
			isa = PBXGroup;
			children = (
				84C131E3284EA68000E6C3F4 /* desafio_iosTests.swift */,
			);
			path = "desafio-iosTests";
			sourceTree = "<group>";
		};
		84C131EC284EA68000E6C3F4 /* desafio-iosUITests */ = {
			isa = PBXGroup;
			children = (
				84C131ED284EA68000E6C3F4 /* desafio_iosUITests.swift */,
				84C131EF284EA68000E6C3F4 /* desafio_iosUITestsLaunchTests.swift */,
			);
			path = "desafio-iosUITests";
			sourceTree = "<group>";
		};
/* End PBXGroup section */

/* Begin PBXNativeTarget section */
		84C131C8284EA67E00E6C3F4 /* desafio-ios */ = {
			isa = PBXNativeTarget;
			buildConfigurationList = 84C131F3284EA68000E6C3F4 /* Build configuration list for PBXNativeTarget "desafio-ios" */;
			buildPhases = (
				84C131C5284EA67E00E6C3F4 /* Sources */,
				84C131C6284EA67E00E6C3F4 /* Frameworks */,
				84C131C7284EA67E00E6C3F4 /* Resources */,
			);
			buildRules = (
			);
			dependencies = (
			);
			name = "desafio-ios";
			productName = "desafio-ios";
			productReference = 84C131C9284EA67E00E6C3F4 /* desafio-ios.app */;
			productType = "com.apple.product-type.application";
		};
		84C131DE284EA68000E6C3F4 /* desafio-iosTests */ = {
			isa = PBXNativeTarget;
			buildConfigurationList = 84C131F6284EA68000E6C3F4 /* Build configuration list for PBXNativeTarget "desafio-iosTests" */;
			buildPhases = (
				84C131DB284EA68000E6C3F4 /* Sources */,
				84C131DC284EA68000E6C3F4 /* Frameworks */,
				84C131DD284EA68000E6C3F4 /* Resources */,
			);
			buildRules = (
			);
			dependencies = (
				84C131E1284EA68000E6C3F4 /* PBXTargetDependency */,
			);
			name = "desafio-iosTests";
			productName = "desafio-iosTests";
			productReference = 84C131DF284EA68000E6C3F4 /* desafio-iosTests.xctest */;
			productType = "com.apple.product-type.bundle.unit-test";
		};
		84C131E8284EA68000E6C3F4 /* desafio-iosUITests */ = {
			isa = PBXNativeTarget;
			buildConfigurationList = 84C131F9284EA68000E6C3F4 /* Build configuration list for PBXNativeTarget "desafio-iosUITests" */;
			buildPhases = (
				84C131E5284EA68000E6C3F4 /* Sources */,
				84C131E6284EA68000E6C3F4 /* Frameworks */,
				84C131E7284EA68000E6C3F4 /* Resources */,
			);
			buildRules = (
			);
			dependencies = (
				84C131EB284EA68000E6C3F4 /* PBXTargetDependency */,
			);
			name = "desafio-iosUITests";
			productName = "desafio-iosUITests";
			productReference = 84C131E9284EA68000E6C3F4 /* desafio-iosUITests.xctest */;
			productType = "com.apple.product-type.bundle.ui-testing";
		};
/* End PBXNativeTarget section */

/* Begin PBXProject section */
		84C131C1284EA67E00E6C3F4 /* Project object */ = {
			isa = PBXProject;
			attributes = {
				BuildIndependentTargetsInParallel = 1;
				LastSwiftUpdateCheck = 1330;
				LastUpgradeCheck = 1330;
				TargetAttributes = {
					84C131C8284EA67E00E6C3F4 = {
						CreatedOnToolsVersion = 13.3;
					};
					84C131DE284EA68000E6C3F4 = {
						CreatedOnToolsVersion = 13.3;
						TestTargetID = 84C131C8284EA67E00E6C3F4;
					};
					84C131E8284EA68000E6C3F4 = {
						CreatedOnToolsVersion = 13.3;
						TestTargetID = 84C131C8284EA67E00E6C3F4;
					};
				};
			};
			buildConfigurationList = 84C131C4284EA67E00E6C3F4 /* Build configuration list for PBXProject "desafio-ios" */;
			compatibilityVersion = "Xcode 13.0";
			developmentRegion = en;
			hasScannedForEncodings = 0;
			knownRegions = (
				en,
				Base,
			);
			mainGroup = 84C131C0284EA67E00E6C3F4;
			productRefGroup = 84C131CA284EA67E00E6C3F4 /* Products */;
			projectDirPath = "";
			projectRoot = "";
			targets = (
				84C131C8284EA67E00E6C3F4 /* desafio-ios */,
				84C131DE284EA68000E6C3F4 /* desafio-iosTests */,
				84C131E8284EA68000E6C3F4 /* desafio-iosUITests */,
			);
		};
/* End PBXProject section */

/* Begin PBXResourcesBuildPhase section */
		84C131C7284EA67E00E6C3F4 /* Resources */ = {
			isa = PBXResourcesBuildPhase;
			buildActionMask = 2147483647;
			files = (
				84C131D9284EA68000E6C3F4 /* LaunchScreen.storyboard in Resources */,
				84C131D6284EA68000E6C3F4 /* Assets.xcassets in Resources */,
				84C131D4284EA67E00E6C3F4 /* Main.storyboard in Resources */,
			);
			runOnlyForDeploymentPostprocessing = 0;
		};
		84C131DD284EA68000E6C3F4 /* Resources */ = {
			isa = PBXResourcesBuildPhase;
			buildActionMask = 2147483647;
			files = (
			);
			runOnlyForDeploymentPostprocessing = 0;
		};
		84C131E7284EA68000E6C3F4 /* Resources */ = {
			isa = PBXResourcesBuildPhase;
			buildActionMask = 2147483647;
			files = (
			);
			runOnlyForDeploymentPostprocessing = 0;
		};
/* End PBXResourcesBuildPhase section */

/* Begin PBXSourcesBuildPhase section */
		84C131C5284EA67E00E6C3F4 /* Sources */ = {
			isa = PBXSourcesBuildPhase;
			buildActionMask = 2147483647;
			files = (
				84C131D1284EA67E00E6C3F4 /* ViewController.swift in Sources */,
				84C131CD284EA67E00E6C3F4 /* AppDelegate.swift in Sources */,
				84C131CF284EA67E00E6C3F4 /* SceneDelegate.swift in Sources */,
			);
			runOnlyForDeploymentPostprocessing = 0;
		};
		84C131DB284EA68000E6C3F4 /* Sources */ = {
			isa = PBXSourcesBuildPhase;
			buildActionMask = 2147483647;
			files = (
				84C131E4284EA68000E6C3F4 /* desafio_iosTests.swift in Sources */,
			);
			runOnlyForDeploymentPostprocessing = 0;
		};
		84C131E5284EA68000E6C3F4 /* Sources */ = {
			isa = PBXSourcesBuildPhase;
			buildActionMask = 2147483647;
			files = (
				84C131F0284EA68000E6C3F4 /* desafio_iosUITestsLaunchTests.swift in Sources */,
				84C131EE284EA68000E6C3F4 /* desafio_iosUITests.swift in Sources */,
			);
			runOnlyForDeploymentPostprocessing = 0;
		};
/* End PBXSourcesBuildPhase section */

/* Begin PBXTargetDependency section */
		84C131E1284EA68000E6C3F4 /* PBXTargetDependency */ = {
			isa = PBXTargetDependency;
			target = 84C131C8284EA67E00E6C3F4 /* desafio-ios */;
			targetProxy = 84C131E0284EA68000E6C3F4 /* PBXContainerItemProxy */;
		};
		84C131EB284EA68000E6C3F4 /* PBXTargetDependency */ = {
			isa = PBXTargetDependency;
			target = 84C131C8284EA67E00E6C3F4 /* desafio-ios */;
			targetProxy = 84C131EA284EA68000E6C3F4 /* PBXContainerItemProxy */;
		};
/* End PBXTargetDependency section */

/* Begin PBXVariantGroup section */
		84C131D2284EA67E00E6C3F4 /* Main.storyboard */ = {
			isa = PBXVariantGroup;
			children = (
				84C131D3284EA67E00E6C3F4 /* Base */,
			);
			name = Main.storyboard;
			sourceTree = "<group>";
		};
		84C131D7284EA68000E6C3F4 /* LaunchScreen.storyboard */ = {
			isa = PBXVariantGroup;
			children = (
				84C131D8284EA68000E6C3F4 /* Base */,
			);
			name = LaunchScreen.storyboard;
			sourceTree = "<group>";
		};
/* End PBXVariantGroup section */

/* Begin XCBuildConfiguration section */
		84C131F1284EA68000E6C3F4 /* Debug */ = {
			isa = XCBuildConfiguration;
			buildSettings = {
				ALWAYS_SEARCH_USER_PATHS = NO;
				CLANG_ANALYZER_NONNULL = YES;
				CLANG_ANALYZER_NUMBER_OBJECT_CONVERSION = YES_AGGRESSIVE;
				CLANG_CXX_LANGUAGE_STANDARD = "gnu++17";
				CLANG_ENABLE_MODULES = YES;
				CLANG_ENABLE_OBJC_ARC = YES;
				CLANG_ENABLE_OBJC_WEAK = YES;
				CLANG_WARN_BLOCK_CAPTURE_AUTORELEASING = YES;
				CLANG_WARN_BOOL_CONVERSION = YES;
				CLANG_WARN_COMMA = YES;
				CLANG_WARN_CONSTANT_CONVERSION = YES;
				CLANG_WARN_DEPRECATED_OBJC_IMPLEMENTATIONS = YES;
				CLANG_WARN_DIRECT_OBJC_ISA_USAGE = YES_ERROR;
				CLANG_WARN_DOCUMENTATION_COMMENTS = YES;
				CLANG_WARN_EMPTY_BODY = YES;
				CLANG_WARN_ENUM_CONVERSION = YES;
				CLANG_WARN_INFINITE_RECURSION = YES;
				CLANG_WARN_INT_CONVERSION = YES;
				CLANG_WARN_NON_LITERAL_NULL_CONVERSION = YES;
				CLANG_WARN_OBJC_IMPLICIT_RETAIN_SELF = YES;
				CLANG_WARN_OBJC_LITERAL_CONVERSION = YES;
				CLANG_WARN_OBJC_ROOT_CLASS = YES_ERROR;
				CLANG_WARN_QUOTED_INCLUDE_IN_FRAMEWORK_HEADER = YES;
				CLANG_WARN_RANGE_LOOP_ANALYSIS = YES;
				CLANG_WARN_STRICT_PROTOTYPES = YES;
				CLANG_WARN_SUSPICIOUS_MOVE = YES;
				CLANG_WARN_UNGUARDED_AVAILABILITY = YES_AGGRESSIVE;
				CLANG_WARN_UNREACHABLE_CODE = YES;
				CLANG_WARN__DUPLICATE_METHOD_MATCH = YES;
				COPY_PHASE_STRIP = NO;
				DEBUG_INFORMATION_FORMAT = dwarf;
				ENABLE_STRICT_OBJC_MSGSEND = YES;
				ENABLE_TESTABILITY = YES;
				GCC_C_LANGUAGE_STANDARD = gnu11;
				GCC_DYNAMIC_NO_PIC = NO;
				GCC_NO_COMMON_BLOCKS = YES;
				GCC_OPTIMIZATION_LEVEL = 0;
				GCC_PREPROCESSOR_DEFINITIONS = (
					"DEBUG=1",
					"$(inherited)",
				);
				GCC_WARN_64_TO_32_BIT_CONVERSION = YES;
				GCC_WARN_ABOUT_RETURN_TYPE = YES_ERROR;
				GCC_WARN_UNDECLARED_SELECTOR = YES;
				GCC_WARN_UNINITIALIZED_AUTOS = YES_AGGRESSIVE;
				GCC_WARN_UNUSED_FUNCTION = YES;
				GCC_WARN_UNUSED_VARIABLE = YES;
				IPHONEOS_DEPLOYMENT_TARGET = 15.4;
				MTL_ENABLE_DEBUG_INFO = INCLUDE_SOURCE;
				MTL_FAST_MATH = YES;
				ONLY_ACTIVE_ARCH = YES;
				SDKROOT = iphoneos;
				SWIFT_ACTIVE_COMPILATION_CONDITIONS = DEBUG;
				SWIFT_OPTIMIZATION_LEVEL = "-Onone";
			};
			name = Debug;
		};
		84C131F2284EA68000E6C3F4 /* Release */ = {
			isa = XCBuildConfiguration;
			buildSettings = {
				ALWAYS_SEARCH_USER_PATHS = NO;
				CLANG_ANALYZER_NONNULL = YES;
				CLANG_ANALYZER_NUMBER_OBJECT_CONVERSION = YES_AGGRESSIVE;
				CLANG_CXX_LANGUAGE_STANDARD = "gnu++17";
				CLANG_ENABLE_MODULES = YES;
				CLANG_ENABLE_OBJC_ARC = YES;
				CLANG_ENABLE_OBJC_WEAK = YES;
				CLANG_WARN_BLOCK_CAPTURE_AUTORELEASING = YES;
				CLANG_WARN_BOOL_CONVERSION = YES;
				CLANG_WARN_COMMA = YES;
				CLANG_WARN_CONSTANT_CONVERSION = YES;
				CLANG_WARN_DEPRECATED_OBJC_IMPLEMENTATIONS = YES;
				CLANG_WARN_DIRECT_OBJC_ISA_USAGE = YES_ERROR;
				CLANG_WARN_DOCUMENTATION_COMMENTS = YES;
				CLANG_WARN_EMPTY_BODY = YES;
				CLANG_WARN_ENUM_CONVERSION = YES;
				CLANG_WARN_INFINITE_RECURSION = YES;
				CLANG_WARN_INT_CONVERSION = YES;
				CLANG_WARN_NON_LITERAL_NULL_CONVERSION = YES;
				CLANG_WARN_OBJC_IMPLICIT_RETAIN_SELF = YES;
				CLANG_WARN_OBJC_LITERAL_CONVERSION = YES;
				CLANG_WARN_OBJC_ROOT_CLASS = YES_ERROR;
				CLANG_WARN_QUOTED_INCLUDE_IN_FRAMEWORK_HEADER = YES;
				CLANG_WARN_RANGE_LOOP_ANALYSIS = YES;
				CLANG_WARN_STRICT_PROTOTYPES = YES;
				CLANG_WARN_SUSPICIOUS_MOVE = YES;
				CLANG_WARN_UNGUARDED_AVAILABILITY = YES_AGGRESSIVE;
				CLANG_WARN_UNREACHABLE_CODE = YES;
				CLANG_WARN__DUPLICATE_METHOD_MATCH = YES;
				COPY_PHASE_STRIP = NO;
				DEBUG_INFORMATION_FORMAT = "dwarf-with-dsym";
				ENABLE_NS_ASSERTIONS = NO;
				ENABLE_STRICT_OBJC_MSGSEND = YES;
				GCC_C_LANGUAGE_STANDARD = gnu11;
				GCC_NO_COMMON_BLOCKS = YES;
				GCC_WARN_64_TO_32_BIT_CONVERSION = YES;
				GCC_WARN_ABOUT_RETURN_TYPE = YES_ERROR;
				GCC_WARN_UNDECLARED_SELECTOR = YES;
				GCC_WARN_UNINITIALIZED_AUTOS = YES_AGGRESSIVE;
				GCC_WARN_UNUSED_FUNCTION = YES;
				GCC_WARN_UNUSED_VARIABLE = YES;
				IPHONEOS_DEPLOYMENT_TARGET = 15.4;
				MTL_ENABLE_DEBUG_INFO = NO;
				MTL_FAST_MATH = YES;
				SDKROOT = iphoneos;
				SWIFT_COMPILATION_MODE = wholemodule;
				SWIFT_OPTIMIZATION_LEVEL = "-O";
				VALIDATE_PRODUCT = YES;
			};
			name = Release;
		};
		84C131F4284EA68000E6C3F4 /* Debug */ = {
			isa = XCBuildConfiguration;
			buildSettings = {
				ASSETCATALOG_COMPILER_APPICON_NAME = AppIcon;
				ASSETCATALOG_COMPILER_GLOBAL_ACCENT_COLOR_NAME = AccentColor;
				CODE_SIGN_STYLE = Automatic;
				CURRENT_PROJECT_VERSION = 1;
				GENERATE_INFOPLIST_FILE = YES;
				INFOPLIST_FILE = "desafio-ios/Info.plist";
				INFOPLIST_KEY_UIApplicationSupportsIndirectInputEvents = YES;
				INFOPLIST_KEY_UILaunchStoryboardName = LaunchScreen;
				INFOPLIST_KEY_UIMainStoryboardFile = Main;
				INFOPLIST_KEY_UISupportedInterfaceOrientations_iPad = "UIInterfaceOrientationPortrait UIInterfaceOrientationPortraitUpsideDown UIInterfaceOrientationLandscapeLeft UIInterfaceOrientationLandscapeRight";
				INFOPLIST_KEY_UISupportedInterfaceOrientations_iPhone = "UIInterfaceOrientationPortrait UIInterfaceOrientationLandscapeLeft UIInterfaceOrientationLandscapeRight";
				LD_RUNPATH_SEARCH_PATHS = (
					"$(inherited)",
					"@executable_path/Frameworks",
				);
				MARKETING_VERSION = 1.0;
				PRODUCT_BUNDLE_IDENTIFIER = "br.com.App.desafio-ios";
				PRODUCT_NAME = "$(TARGET_NAME)";
				SWIFT_EMIT_LOC_STRINGS = YES;
				SWIFT_VERSION = 5.0;
				TARGETED_DEVICE_FAMILY = "1,2";
			};
			name = Debug;
		};
		84C131F5284EA68000E6C3F4 /* Release */ = {
			isa = XCBuildConfiguration;
			buildSettings = {
				ASSETCATALOG_COMPILER_APPICON_NAME = AppIcon;
				ASSETCATALOG_COMPILER_GLOBAL_ACCENT_COLOR_NAME = AccentColor;
				CODE_SIGN_STYLE = Automatic;
				CURRENT_PROJECT_VERSION = 1;
				GENERATE_INFOPLIST_FILE = YES;
				INFOPLIST_FILE = "desafio-ios/Info.plist";
				INFOPLIST_KEY_UIApplicationSupportsIndirectInputEvents = YES;
				INFOPLIST_KEY_UILaunchStoryboardName = LaunchScreen;
				INFOPLIST_KEY_UIMainStoryboardFile = Main;
				INFOPLIST_KEY_UISupportedInterfaceOrientations_iPad = "UIInterfaceOrientationPortrait UIInterfaceOrientationPortraitUpsideDown UIInterfaceOrientationLandscapeLeft UIInterfaceOrientationLandscapeRight";
				INFOPLIST_KEY_UISupportedInterfaceOrientations_iPhone = "UIInterfaceOrientationPortrait UIInterfaceOrientationLandscapeLeft UIInterfaceOrientationLandscapeRight";
				LD_RUNPATH_SEARCH_PATHS = (
					"$(inherited)",
					"@executable_path/Frameworks",
				);
				MARKETING_VERSION = 1.0;
				PRODUCT_BUNDLE_IDENTIFIER = "br.com.App.desafio-ios";
				PRODUCT_NAME = "$(TARGET_NAME)";
				SWIFT_EMIT_LOC_STRINGS = YES;
				SWIFT_VERSION = 5.0;
				TARGETED_DEVICE_FAMILY = "1,2";
			};
			name = Release;
		};
		84C131F7284EA68000E6C3F4 /* Debug */ = {
			isa = XCBuildConfiguration;
			buildSettings = {
				ALWAYS_EMBED_SWIFT_STANDARD_LIBRARIES = YES;
				BUNDLE_LOADER = "$(TEST_HOST)";
				CODE_SIGN_STYLE = Automatic;
				CURRENT_PROJECT_VERSION = 1;
				GENERATE_INFOPLIST_FILE = YES;
				IPHONEOS_DEPLOYMENT_TARGET = 15.4;
				MARKETING_VERSION = 1.0;
				PRODUCT_BUNDLE_IDENTIFIER = "br.com.App.desafio-iosTests";
				PRODUCT_NAME = "$(TARGET_NAME)";
				SWIFT_EMIT_LOC_STRINGS = NO;
				SWIFT_VERSION = 5.0;
				TARGETED_DEVICE_FAMILY = "1,2";
				TEST_HOST = "$(BUILT_PRODUCTS_DIR)/desafio-ios.app/desafio-ios";
			};
			name = Debug;
		};
		84C131F8284EA68000E6C3F4 /* Release */ = {
			isa = XCBuildConfiguration;
			buildSettings = {
				ALWAYS_EMBED_SWIFT_STANDARD_LIBRARIES = YES;
				BUNDLE_LOADER = "$(TEST_HOST)";
				CODE_SIGN_STYLE = Automatic;
				CURRENT_PROJECT_VERSION = 1;
				GENERATE_INFOPLIST_FILE = YES;
				IPHONEOS_DEPLOYMENT_TARGET = 15.4;
				MARKETING_VERSION = 1.0;
				PRODUCT_BUNDLE_IDENTIFIER = "br.com.App.desafio-iosTests";
				PRODUCT_NAME = "$(TARGET_NAME)";
				SWIFT_EMIT_LOC_STRINGS = NO;
				SWIFT_VERSION = 5.0;
				TARGETED_DEVICE_FAMILY = "1,2";
				TEST_HOST = "$(BUILT_PRODUCTS_DIR)/desafio-ios.app/desafio-ios";
			};
			name = Release;
		};
		84C131FA284EA68000E6C3F4 /* Debug */ = {
			isa = XCBuildConfiguration;
			buildSettings = {
				ALWAYS_EMBED_SWIFT_STANDARD_LIBRARIES = YES;
				CODE_SIGN_STYLE = Automatic;
				CURRENT_PROJECT_VERSION = 1;
				GENERATE_INFOPLIST_FILE = YES;
				MARKETING_VERSION = 1.0;
				PRODUCT_BUNDLE_IDENTIFIER = "br.com.App.desafio-iosUITests";
				PRODUCT_NAME = "$(TARGET_NAME)";
				SWIFT_EMIT_LOC_STRINGS = NO;
				SWIFT_VERSION = 5.0;
				TARGETED_DEVICE_FAMILY = "1,2";
				TEST_TARGET_NAME = "desafio-ios";
			};
			name = Debug;
		};
		84C131FB284EA68000E6C3F4 /* Release */ = {
			isa = XCBuildConfiguration;
			buildSettings = {
				ALWAYS_EMBED_SWIFT_STANDARD_LIBRARIES = YES;
				CODE_SIGN_STYLE = Automatic;
				CURRENT_PROJECT_VERSION = 1;
				GENERATE_INFOPLIST_FILE = YES;
				MARKETING_VERSION = 1.0;
				PRODUCT_BUNDLE_IDENTIFIER = "br.com.App.desafio-iosUITests";
				PRODUCT_NAME = "$(TARGET_NAME)";
				SWIFT_EMIT_LOC_STRINGS = NO;
				SWIFT_VERSION = 5.0;
				TARGETED_DEVICE_FAMILY = "1,2";
				TEST_TARGET_NAME = "desafio-ios";
			};
			name = Release;
		};
/* End XCBuildConfiguration section */

/* Begin XCConfigurationList section */
		84C131C4284EA67E00E6C3F4 /* Build configuration list for PBXProject "desafio-ios" */ = {
			isa = XCConfigurationList;
			buildConfigurations = (
				84C131F1284EA68000E6C3F4 /* Debug */,
				84C131F2284EA68000E6C3F4 /* Release */,
			);
			defaultConfigurationIsVisible = 0;
			defaultConfigurationName = Release;
		};
		84C131F3284EA68000E6C3F4 /* Build configuration list for PBXNativeTarget "desafio-ios" */ = {
			isa = XCConfigurationList;
			buildConfigurations = (
				84C131F4284EA68000E6C3F4 /* Debug */,
				84C131F5284EA68000E6C3F4 /* Release */,
			);
			defaultConfigurationIsVisible = 0;
			defaultConfigurationName = Release;
		};
		84C131F6284EA68000E6C3F4 /* Build configuration list for PBXNativeTarget "desafio-iosTests" */ = {
			isa = XCConfigurationList;
			buildConfigurations = (
				84C131F7284EA68000E6C3F4 /* Debug */,
				84C131F8284EA68000E6C3F4 /* Release */,
			);
			defaultConfigurationIsVisible = 0;
			defaultConfigurationName = Release;
		};
		84C131F9284EA68000E6C3F4 /* Build configuration list for PBXNativeTarget "desafio-iosUITests" */ = {
			isa = XCConfigurationList;
			buildConfigurations = (
				84C131FA284EA68000E6C3F4 /* Debug */,
				84C131FB284EA68000E6C3F4 /* Release */,
			);
			defaultConfigurationIsVisible = 0;
			defaultConfigurationName = Release;
		};
/* End XCConfigurationList section */
	};
	rootObject = 84C131C1284EA67E00E6C3F4 /* Project object */;
}
